{
  "version": 4,
  "terraform_version": "1.12.2",
  "serial": 127,
  "lineage": "6fd1dd67-76b8-90a1-3893-66db32d8f034",
  "outputs": {
    "location": {
      "value": "eastus",
      "type": "string"
    },
    "name": {
      "value": "Naveenvm",
      "type": "string"
    },
    "public_ip_address": {
      "value": "172.203.129.239",
      "type": "string"
    },
    "public_ip_address_id": {
      "value": "/subscriptions/629ac395-f08d-4727-9035-555483721078/resourceGroups/Naveenrg/providers/Microsoft.Network/publicIPAddresses/Naveenpublicip",
      "type": "string"
    }
  },
  "resources": [
    {
      "mode": "managed",
      "type": "azurerm_network_interface",
      "name": "nic",
      "provider": "provider[\"registry.terraform.io/hashicorp/azurerm\"]",
      "instances": [
        {
          "schema_version": 0,
          "attributes": {
            "accelerated_networking_enabled": false,
            "applied_dns_servers": [],
            "auxiliary_mode": "",
            "auxiliary_sku": "",
            "dns_servers": [],
            "edge_zone": "",
            "id": "/subscriptions/629ac395-f08d-4727-9035-555483721078/resourceGroups/Naveenrg/providers/Microsoft.Network/networkInterfaces/Naveennic",
            "internal_dns_name_label": "",
            "internal_domain_name_suffix": "hks5sv30blyuriwspvaxsddljd.bx.internal.cloudapp.net",
            "ip_configuration": [
              {
                "gateway_load_balancer_frontend_ip_configuration_id": "",
                "name": "internal",
                "primary": true,
                "private_ip_address": "10.0.1.4",
                "private_ip_address_allocation": "Dynamic",
                "private_ip_address_version": "IPv4",
                "public_ip_address_id": "/subscriptions/629ac395-f08d-4727-9035-555483721078/resourceGroups/Naveenrg/providers/Microsoft.Network/publicIPAddresses/Naveenpublicip",
                "subnet_id": "/subscriptions/629ac395-f08d-4727-9035-555483721078/resourceGroups/Naveenrg/providers/Microsoft.Network/virtualNetworks/Naveenvnet/subnets/Naveensubnet"
              }
            ],
            "ip_forwarding_enabled": false,
            "location": "eastus",
            "mac_address": "7C-ED-8D-1F-95-36",
            "name": "Naveennic",
            "private_ip_address": "10.0.1.4",
            "private_ip_addresses": [
              "10.0.1.4"
            ],
            "resource_group_name": "Naveenrg",
            "tags": {},
            "timeouts": null,
            "virtual_machine_id": "/subscriptions/629ac395-f08d-4727-9035-555483721078/resourceGroups/Naveenrg/providers/Microsoft.Compute/virtualMachines/Naveenvm"
          },
          "sensitive_attributes": [],
          "identity_schema_version": 0,
          "identity": {
            "name": "Naveennic",
            "resource_group_name": "Naveenrg",
            "subscription_id": "629ac395-f08d-4727-9035-555483721078"
          },
          "private": "eyJlMmJmYjczMC1lY2FhLTExZTYtOGY4OC0zNDM2M2JjN2M0YzAiOnsiY3JlYXRlIjoxODAwMDAwMDAwMDAwLCJkZWxldGUiOjE4MDAwMDAwMDAwMDAsInJlYWQiOjMwMDAwMDAwMDAwMCwidXBkYXRlIjoxODAwMDAwMDAwMDAwfX0=",
          "dependencies": [
            "azurerm_public_ip.azurerm_public_ip",
            "azurerm_resource_group.Naveenrg",
            "azurerm_subnet.subnet1",
            "azurerm_virtual_network.vnet"
          ]
        }
      ]
    },
    {
      "mode": "managed",
      "type": "azurerm_network_interface_security_group_association",
      "name": "nic_nsg",
      "provider": "provider[\"registry.terraform.io/hashicorp/azurerm\"]",
      "instances": [
        {
          "schema_version": 0,
          "attributes": {
            "id": "/subscriptions/629ac395-f08d-4727-9035-555483721078/resourceGroups/Naveenrg/providers/Microsoft.Network/networkInterfaces/Naveennic|/subscriptions/629ac395-f08d-4727-9035-555483721078/resourceGroups/Naveenrg/providers/Microsoft.Network/networkSecurityGroups/Naveennsg",
            "network_interface_id": "/subscriptions/629ac395-f08d-4727-9035-555483721078/resourceGroups/Naveenrg/providers/Microsoft.Network/networkInterfaces/Naveennic",
            "network_security_group_id": "/subscriptions/629ac395-f08d-4727-9035-555483721078/resourceGroups/Naveenrg/providers/Microsoft.Network/networkSecurityGroups/Naveennsg",
            "timeouts": null
          },
          "sensitive_attributes": [],
          "identity_schema_version": 0,
          "private": "eyJlMmJmYjczMC1lY2FhLTExZTYtOGY4OC0zNDM2M2JjN2M0YzAiOnsiY3JlYXRlIjoxODAwMDAwMDAwMDAwLCJkZWxldGUiOjE4MDAwMDAwMDAwMDAsInJlYWQiOjMwMDAwMDAwMDAwMH19",
          "dependencies": [
            "azurerm_network_interface.nic",
            "azurerm_network_security_group.nsg",
            "azurerm_public_ip.azurerm_public_ip",
            "azurerm_resource_group.Naveenrg",
            "azurerm_subnet.subnet1",
            "azurerm_virtual_network.vnet"
          ]
        }
      ]
    },
    {
      "mode": "managed",
      "type": "azurerm_network_security_group",
      "name": "nsg",
      "provider": "provider[\"registry.terraform.io/hashicorp/azurerm\"]",
      "instances": [
        {
          "schema_version": 0,
          "attributes": {
            "id": "/subscriptions/629ac395-f08d-4727-9035-555483721078/resourceGroups/Naveenrg/providers/Microsoft.Network/networkSecurityGroups/Naveennsg",
            "location": "eastus",
            "name": "Naveennsg",
            "resource_group_name": "Naveenrg",
            "security_rule": [
              {
                "access": "Allow",
                "description": "",
                "destination_address_prefix": "*",
                "destination_address_prefixes": [],
                "destination_application_security_group_ids": [],
                "destination_port_range": "*",
                "destination_port_ranges": [],
                "direction": "Inbound",
                "name": "AllowSSH",
                "priority": 1000,
                "protocol": "Tcp",
                "source_address_prefix": "*",
                "source_address_prefixes": [],
                "source_application_security_group_ids": [],
                "source_port_range": "*",
                "source_port_ranges": []
              }
            ],
            "tags": {},
            "timeouts": null
          },
          "sensitive_attributes": [],
          "identity_schema_version": 0,
          "identity": {
            "name": "Naveennsg",
            "resource_group_name": "Naveenrg",
            "subscription_id": "629ac395-f08d-4727-9035-555483721078"
          },
          "private": "eyJlMmJmYjczMC1lY2FhLTExZTYtOGY4OC0zNDM2M2JjN2M0YzAiOnsiY3JlYXRlIjoxODAwMDAwMDAwMDAwLCJkZWxldGUiOjE4MDAwMDAwMDAwMDAsInJlYWQiOjMwMDAwMDAwMDAwMCwidXBkYXRlIjoxODAwMDAwMDAwMDAwfX0=",
          "dependencies": [
            "azurerm_resource_group.Naveenrg"
          ]
        }
      ]
    },
    {
      "mode": "managed",
      "type": "azurerm_public_ip",
      "name": "azurerm_public_ip",
      "provider": "provider[\"registry.terraform.io/hashicorp/azurerm\"]",
      "instances": [
        {
          "schema_version": 0,
          "attributes": {
            "allocation_method": "Static",
            "ddos_protection_mode": "VirtualNetworkInherited",
            "ddos_protection_plan_id": null,
            "domain_name_label": null,
            "domain_name_label_scope": null,
            "edge_zone": "",
            "fqdn": null,
            "id": "/subscriptions/629ac395-f08d-4727-9035-555483721078/resourceGroups/Naveenrg/providers/Microsoft.Network/publicIPAddresses/Naveenpublicip",
            "idle_timeout_in_minutes": 4,
            "ip_address": "172.203.129.239",
            "ip_tags": {},
            "ip_version": "IPv4",
            "location": "eastus",
            "name": "Naveenpublicip",
            "public_ip_prefix_id": null,
            "resource_group_name": "Naveenrg",
            "reverse_fqdn": null,
            "sku": "Standard",
            "sku_tier": "Regional",
            "tags": {},
            "timeouts": null,
            "zones": []
          },
          "sensitive_attributes": [],
          "identity_schema_version": 0,
          "private": "eyJlMmJmYjczMC1lY2FhLTExZTYtOGY4OC0zNDM2M2JjN2M0YzAiOnsiY3JlYXRlIjoxODAwMDAwMDAwMDAwLCJkZWxldGUiOjE4MDAwMDAwMDAwMDAsInJlYWQiOjMwMDAwMDAwMDAwMCwidXBkYXRlIjoxODAwMDAwMDAwMDAwfX0=",
          "dependencies": [
            "azurerm_resource_group.Naveenrg",
            "azurerm_subnet.subnet1",
            "azurerm_virtual_network.vnet"
          ]
        }
      ]
    },
    {
      "mode": "managed",
      "type": "azurerm_resource_group",
      "name": "Naveenrg",
      "provider": "provider[\"registry.terraform.io/hashicorp/azurerm\"]",
      "instances": [
        {
          "schema_version": 0,
          "attributes": {
            "id": "/subscriptions/629ac395-f08d-4727-9035-555483721078/resourceGroups/Naveenrg",
            "location": "eastus",
            "managed_by": "",
            "name": "Naveenrg",
            "tags": {},
            "timeouts": null
          },
          "sensitive_attributes": [],
          "identity_schema_version": 0,
          "private": "eyJlMmJmYjczMC1lY2FhLTExZTYtOGY4OC0zNDM2M2JjN2M0YzAiOnsiY3JlYXRlIjo1NDAwMDAwMDAwMDAwLCJkZWxldGUiOjU0MDAwMDAwMDAwMDAsInJlYWQiOjMwMDAwMDAwMDAwMCwidXBkYXRlIjo1NDAwMDAwMDAwMDAwfX0="
        }
      ]
    },
    {
      "mode": "managed",
      "type": "azurerm_subnet",
      "name": "subnet1",
      "provider": "provider[\"registry.terraform.io/hashicorp/azurerm\"]",
      "instances": [
        {
          "schema_version": 0,
          "attributes": {
            "address_prefixes": [
              "10.0.1.0/24"
            ],
            "default_outbound_access_enabled": true,
            "delegation": [],
            "id": "/subscriptions/629ac395-f08d-4727-9035-555483721078/resourceGroups/Naveenrg/providers/Microsoft.Network/virtualNetworks/Naveenvnet/subnets/Naveensubnet",
            "name": "Naveensubnet",
            "private_endpoint_network_policies": "Disabled",
            "private_link_service_network_policies_enabled": true,
            "resource_group_name": "Naveenrg",
            "service_endpoint_policy_ids": [],
            "service_endpoints": [],
            "timeouts": null,
            "virtual_network_name": "Naveenvnet"
          },
          "sensitive_attributes": [],
          "identity_schema_version": 0,
          "identity": {
            "name": "Naveensubnet",
            "resource_group_name": "Naveenrg",
            "subscription_id": "629ac395-f08d-4727-9035-555483721078",
            "virtual_network_name": "Naveenvnet"
          },
          "private": "eyJlMmJmYjczMC1lY2FhLTExZTYtOGY4OC0zNDM2M2JjN2M0YzAiOnsiY3JlYXRlIjoxODAwMDAwMDAwMDAwLCJkZWxldGUiOjE4MDAwMDAwMDAwMDAsInJlYWQiOjMwMDAwMDAwMDAwMCwidXBkYXRlIjoxODAwMDAwMDAwMDAwfX0=",
          "dependencies": [
            "azurerm_resource_group.Naveenrg",
            "azurerm_virtual_network.vnet"
          ]
        }
      ]
    },
    {
      "mode": "managed",
      "type": "azurerm_virtual_machine",
      "name": "vm1",
      "provider": "provider[\"registry.terraform.io/hashicorp/azurerm\"]",
      "instances": [
        {
          "schema_version": 0,
          "attributes": {
            "additional_capabilities": [],
            "availability_set_id": null,
            "boot_diagnostics": [],
            "delete_data_disks_on_termination": false,
            "delete_os_disk_on_termination": false,
            "id": "/subscriptions/629ac395-f08d-4727-9035-555483721078/resourceGroups/Naveenrg/providers/Microsoft.Compute/virtualMachines/Naveenvm",
            "identity": [],
            "license_type": null,
            "location": "eastus",
            "name": "Naveenvm",
            "network_interface_ids": [
              "/subscriptions/629ac395-f08d-4727-9035-555483721078/resourceGroups/Naveenrg/providers/Microsoft.Network/networkInterfaces/Naveennic"
            ],
            "os_profile": [
              {
                "admin_password": "",
                "admin_username": "vm1",
                "computer_name": "NaveenVM",
                "custom_data": ""
              }
            ],
            "os_profile_linux_config": [
              {
                "disable_password_authentication": false,
                "ssh_keys": []
              }
            ],
            "os_profile_secrets": [],
            "os_profile_windows_config": [],
            "plan": [],
            "primary_network_interface_id": null,
            "proximity_placement_group_id": null,
            "resource_group_name": "Naveenrg",
            "storage_data_disk": [],
            "storage_image_reference": [
              {
                "id": "",
                "offer": "0001-com-ubuntu-server-jammy",
                "publisher": "Canonical",
                "sku": "22_04-lts-gen2",
                "version": "latest"
              }
            ],
            "storage_os_disk": [
              {
                "caching": "ReadWrite",
                "create_option": "FromImage",
                "disk_size_gb": 30,
                "image_uri": "",
                "managed_disk_id": "/subscriptions/629ac395-f08d-4727-9035-555483721078/resourceGroups/Naveenrg/providers/Microsoft.Compute/disks/Naveenosdisk",
                "managed_disk_type": "Standard_LRS",
                "name": "Naveenosdisk",
                "os_type": "Linux",
                "vhd_uri": "",
                "write_accelerator_enabled": false
              }
            ],
            "tags": {},
            "timeouts": null,
            "vm_size": "Standard_D2s_v3",
            "zones": []
          },
          "sensitive_attributes": [
            [
              {
                "type": "get_attr",
                "value": "os_profile"
              }
            ]
          ],
          "identity_schema_version": 0,
          "private": "eyJlMmJmYjczMC1lY2FhLTExZTYtOGY4OC0zNDM2M2JjN2M0YzAiOnsiY3JlYXRlIjozNjAwMDAwMDAwMDAwLCJkZWxldGUiOjM2MDAwMDAwMDAwMDAsInJlYWQiOjMwMDAwMDAwMDAwMCwidXBkYXRlIjozNjAwMDAwMDAwMDAwfX0=",
          "dependencies": [
            "azurerm_network_interface.nic",
            "azurerm_public_ip.azurerm_public_ip",
            "azurerm_resource_group.Naveenrg",
            "azurerm_subnet.subnet1",
            "azurerm_virtual_network.vnet"
          ]
        }
      ]
    },
    {
      "mode": "managed",
      "type": "azurerm_virtual_network",
      "name": "vnet",
      "provider": "provider[\"registry.terraform.io/hashicorp/azurerm\"]",
      "instances": [
        {
          "schema_version": 0,
          "attributes": {
            "address_space": [
              "10.0.0.0/16"
            ],
            "bgp_community": "",
            "ddos_protection_plan": [],
            "dns_servers": [],
            "edge_zone": "",
            "encryption": [],
            "flow_timeout_in_minutes": 0,
            "guid": "57f9a53a-0aba-48f1-a2d2-7d41790c6b4b",
            "id": "/subscriptions/629ac395-f08d-4727-9035-555483721078/resourceGroups/Naveenrg/providers/Microsoft.Network/virtualNetworks/Naveenvnet",
            "ip_address_pool": [],
            "location": "eastus",
            "name": "Naveenvnet",
            "private_endpoint_vnet_policies": "Disabled",
            "resource_group_name": "Naveenrg",
            "subnet": [
              {
                "address_prefixes": [
                  "10.0.1.0/24"
                ],
                "default_outbound_access_enabled": true,
                "delegation": [],
                "id": "/subscriptions/629ac395-f08d-4727-9035-555483721078/resourceGroups/Naveenrg/providers/Microsoft.Network/virtualNetworks/Naveenvnet/subnets/Naveensubnet",
                "name": "Naveensubnet",
                "private_endpoint_network_policies": "Disabled",
                "private_link_service_network_policies_enabled": true,
                "route_table_id": "",
                "security_group": "",
                "service_endpoint_policy_ids": [],
                "service_endpoints": []
              }
            ],
            "tags": {},
            "timeouts": null
          },
          "sensitive_attributes": [],
          "identity_schema_version": 0,
          "identity": {
            "name": "Naveenvnet",
            "resource_group_name": "Naveenrg",
            "subscription_id": "629ac395-f08d-4727-9035-555483721078"
          },
          "private": "eyJlMmJmYjczMC1lY2FhLTExZTYtOGY4OC0zNDM2M2JjN2M0YzAiOnsiY3JlYXRlIjoxODAwMDAwMDAwMDAwLCJkZWxldGUiOjE4MDAwMDAwMDAwMDAsInJlYWQiOjMwMDAwMDAwMDAwMCwidXBkYXRlIjoxODAwMDAwMDAwMDAwfX0=",
          "dependencies": [
            "azurerm_resource_group.Naveenrg"
          ]
        }
      ]
    }
  ],
  "check_results": null
}
